
Microsoft Visual Studio Solution File, Format Version 12.00
# Visual Studio Version 17
VisualStudioVersion = 17.0.31903.59
MinimumVisualStudioVersion = 10.0.40219.1
Project("{FAE04EC0-301F-11D3-BF4B-00C04F79EFBC}") = "API", "API\API.csproj", "{BA9FD298-0AED-4EDF-9972-2D7D5B3A7AF3}"
EndProject
Project("{FAE04EC0-301F-11D3-BF4B-00C04F79EFBC}") = "Core", "Core\Core.csproj", "{512BCD0B-2F42-4838-AFB6-0F071870869F}"
EndProject
Project("{FAE04EC0-301F-11D3-BF4B-00C04F79EFBC}") = "Infrastructure", "Infrastructure\Infrastructure.csproj", "{E16717D4-3649-4FBD-889D-67FF21E0A85D}"
EndProject
Global
	GlobalSection(SolutionConfigurationPlatforms) = preSolution
		Debug|Any CPU = Debug|Any CPU
		Debug|x64 = Debug|x64
		Debug|x86 = Debug|x86
		Release|Any CPU = Release|Any CPU
		Release|x64 = Release|x64
		Release|x86 = Release|x86
	EndGlobalSection
	GlobalSection(ProjectConfigurationPlatforms) = postSolution
		{BA9FD298-0AED-4EDF-9972-2D7D5B3A7AF3}.Debug|Any CPU.ActiveCfg = Debug|Any CPU
		{BA9FD298-0AED-4EDF-9972-2D7D5B3A7AF3}.Debug|Any CPU.Build.0 = Debug|Any CPU
		{BA9FD298-0AED-4EDF-9972-2D7D5B3A7AF3}.Debug|x64.ActiveCfg = Debug|Any CPU
		{BA9FD298-0AED-4EDF-9972-2D7D5B3A7AF3}.Debug|x64.Build.0 = Debug|Any CPU
		{BA9FD298-0AED-4EDF-9972-2D7D5B3A7AF3}.Debug|x86.ActiveCfg = Debug|Any CPU
		{BA9FD298-0AED-4EDF-9972-2D7D5B3A7AF3}.Debug|x86.Build.0 = Debug|Any CPU
		{BA9FD298-0AED-4EDF-9972-2D7D5B3A7AF3}.Release|Any CPU.ActiveCfg = Release|Any CPU
		{BA9FD298-0AED-4EDF-9972-2D7D5B3A7AF3}.Release|Any CPU.Build.0 = Release|Any CPU
		{BA9FD298-0AED-4EDF-9972-2D7D5B3A7AF3}.Release|x64.ActiveCfg = Release|Any CPU
		{BA9FD298-0AED-4EDF-9972-2D7D5B3A7AF3}.Release|x64.Build.0 = Release|Any CPU
		{BA9FD298-0AED-4EDF-9972-2D7D5B3A7AF3}.Release|x86.ActiveCfg = Release|Any CPU
		{BA9FD298-0AED-4EDF-9972-2D7D5B3A7AF3}.Release|x86.Build.0 = Release|Any CPU
		{512BCD0B-2F42-4838-AFB6-0F071870869F}.Debug|Any CPU.ActiveCfg = Debug|Any CPU
		{512BCD0B-2F42-4838-AFB6-0F071870869F}.Debug|Any CPU.Build.0 = Debug|Any CPU
		{512BCD0B-2F42-4838-AFB6-0F071870869F}.Debug|x64.ActiveCfg = Debug|Any CPU
		{512BCD0B-2F42-4838-AFB6-0F071870869F}.Debug|x64.Build.0 = Debug|Any CPU
		{512BCD0B-2F42-4838-AFB6-0F071870869F}.Debug|x86.ActiveCfg = Debug|Any CPU
		{512BCD0B-2F42-4838-AFB6-0F071870869F}.Debug|x86.Build.0 = Debug|Any CPU
		{512BCD0B-2F42-4838-AFB6-0F071870869F}.Release|Any CPU.ActiveCfg = Release|Any CPU
		{512BCD0B-2F42-4838-AFB6-0F071870869F}.Release|Any CPU.Build.0 = Release|Any CPU
		{512BCD0B-2F42-4838-AFB6-0F071870869F}.Release|x64.ActiveCfg = Release|Any CPU
		{512BCD0B-2F42-4838-AFB6-0F071870869F}.Release|x64.Build.0 = Release|Any CPU
		{512BCD0B-2F42-4838-AFB6-0F071870869F}.Release|x86.ActiveCfg = Release|Any CPU
		{512BCD0B-2F42-4838-AFB6-0F071870869F}.Release|x86.Build.0 = Release|Any CPU
		{E16717D4-3649-4FBD-889D-67FF21E0A85D}.Debug|Any CPU.ActiveCfg = Debug|Any CPU
		{E16717D4-3649-4FBD-889D-67FF21E0A85D}.Debug|Any CPU.Build.0 = Debug|Any CPU
		{E16717D4-3649-4FBD-889D-67FF21E0A85D}.Debug|x64.ActiveCfg = Debug|Any CPU
		{E16717D4-3649-4FBD-889D-67FF21E0A85D}.Debug|x64.Build.0 = Debug|Any CPU
		{E16717D4-3649-4FBD-889D-67FF21E0A85D}.Debug|x86.ActiveCfg = Debug|Any CPU
		{E16717D4-3649-4FBD-889D-67FF21E0A85D}.Debug|x86.Build.0 = Debug|Any CPU
		{E16717D4-3649-4FBD-889D-67FF21E0A85D}.Release|Any CPU.ActiveCfg = Release|Any CPU
		{E16717D4-3649-4FBD-889D-67FF21E0A85D}.Release|Any CPU.Build.0 = Release|Any CPU
		{E16717D4-3649-4FBD-889D-67FF21E0A85D}.Release|x64.ActiveCfg = Release|Any CPU
		{E16717D4-3649-4FBD-889D-67FF21E0A85D}.Release|x64.Build.0 = Release|Any CPU
		{E16717D4-3649-4FBD-889D-67FF21E0A85D}.Release|x86.ActiveCfg = Release|Any CPU
		{E16717D4-3649-4FBD-889D-67FF21E0A85D}.Release|x86.Build.0 = Release|Any CPU
	EndGlobalSection
	GlobalSection(SolutionProperties) = preSolution
		HideSolutionNode = FALSE
	EndGlobalSection
EndGlobal
